{
  "name": "seull",
  "version": "0.1.1",
  "lockfileVersion": 3,
  "requires": true,
  "packages": {
    "": {
      "name": "seull",
      "version": "0.1.1",
      "license": "ISC",
      "dependencies": {
        "seull": "^0.1.1"
      }
    },
    "node_modules/seull": {
      "version": "0.1.1",
      "resolved": "https://registry.npmjs.org/seull/-/seull-0.1.1.tgz",
      "integrity": "sha512-dZVf5WMjcaSHNg8G5k4g7b4pmYg+GE+cnnKt/6fwPc9yxfknyD0c4V5m5b0WCu093Iv67w/bm1MernnS5s9cKQ=="
    }
  }
}
